{
  "version": 4,
  "terraform_version": "1.3.9",
  "serial": 18,
  "lineage": "c9839dbf-97bd-34e6-2b47-655eedee7404",
  "outputs": {
    "bucket": {
      "value": {
        "autoclass": [],
        "cors": [],
        "custom_placement_config": [],
        "default_event_based_hold": false,
        "encryption": [],
        "force_destroy": true,
        "id": "dtc_data_lake_dtc-de-378314",
        "labels": null,
        "lifecycle_rule": [
          {
            "action": [
              {
                "storage_class": "",
                "type": "Delete"
              }
            ],
            "condition": [
              {
                "age": 30,
                "created_before": "",
                "custom_time_before": "",
                "days_since_custom_time": 0,
                "days_since_noncurrent_time": 0,
                "matches_prefix": [],
                "matches_storage_class": [],
                "matches_suffix": [],
                "noncurrent_time_before": "",
                "num_newer_versions": 0,
                "with_state": "ANY"
              }
            ]
          }
        ],
        "location": "EUROPE-WEST6",
        "logging": [],
        "name": "dtc_data_lake_dtc-de-378314",
        "project": "dtc-de-378314",
        "public_access_prevention": "inherited",
        "requester_pays": false,
        "retention_policy": [],
        "self_link": "https://www.googleapis.com/storage/v1/b/dtc_data_lake_dtc-de-378314",
        "storage_class": "STANDARD",
        "timeouts": null,
        "uniform_bucket_level_access": true,
        "url": "gs://dtc_data_lake_dtc-de-378314",
        "versioning": [
          {
            "enabled": true
          }
        ],
        "website": []
      },
      "type": [
        "object",
        {
          "autoclass": [
            "list",
            [
              "object",
              {
                "enabled": "bool"
              }
            ]
          ],
          "cors": [
            "list",
            [
              "object",
              {
                "max_age_seconds": "number",
                "method": [
                  "list",
                  "string"
                ],
                "origin": [
                  "list",
                  "string"
                ],
                "response_header": [
                  "list",
                  "string"
                ]
              }
            ]
          ],
          "custom_placement_config": [
            "list",
            [
              "object",
              {
                "data_locations": [
                  "set",
                  "string"
                ]
              }
            ]
          ],
          "default_event_based_hold": "bool",
          "encryption": [
            "list",
            [
              "object",
              {
                "default_kms_key_name": "string"
              }
            ]
          ],
          "force_destroy": "bool",
          "id": "string",
          "labels": [
            "map",
            "string"
          ],
          "lifecycle_rule": [
            "list",
            [
              "object",
              {
                "action": [
                  "set",
                  [
                    "object",
                    {
                      "storage_class": "string",
                      "type": "string"
                    }
                  ]
                ],
                "condition": [
                  "set",
                  [
                    "object",
                    {
                      "age": "number",
                      "created_before": "string",
                      "custom_time_before": "string",
                      "days_since_custom_time": "number",
                      "days_since_noncurrent_time": "number",
                      "matches_prefix": [
                        "list",
                        "string"
                      ],
                      "matches_storage_class": [
                        "list",
                        "string"
                      ],
                      "matches_suffix": [
                        "list",
                        "string"
                      ],
                      "noncurrent_time_before": "string",
                      "num_newer_versions": "number",
                      "with_state": "string"
                    }
                  ]
                ]
              }
            ]
          ],
          "location": "string",
          "logging": [
            "list",
            [
              "object",
              {
                "log_bucket": "string",
                "log_object_prefix": "string"
              }
            ]
          ],
          "name": "string",
          "project": "string",
          "public_access_prevention": "string",
          "requester_pays": "bool",
          "retention_policy": [
            "list",
            [
              "object",
              {
                "is_locked": "bool",
                "retention_period": "number"
              }
            ]
          ],
          "self_link": "string",
          "storage_class": "string",
          "timeouts": [
            "object",
            {
              "create": "string",
              "read": "string",
              "update": "string"
            }
          ],
          "uniform_bucket_level_access": "bool",
          "url": "string",
          "versioning": [
            "list",
            [
              "object",
              {
                "enabled": "bool"
              }
            ]
          ],
          "website": [
            "list",
            [
              "object",
              {
                "main_page_suffix": "string",
                "not_found_page": "string"
              }
            ]
          ]
        }
      ]
    }
  },
  "resources": [
    {
      "mode": "managed",
      "type": "google_bigquery_dataset",
      "name": "dataset",
      "provider": "provider[\"registry.terraform.io/hashicorp/google\"]",
      "instances": [
        {
          "schema_version": 0,
          "attributes": {
            "access": [
              {
                "dataset": [],
                "domain": "",
                "group_by_email": "",
                "role": "OWNER",
                "routine": [],
                "special_group": "",
                "user_by_email": "alejandro.perez@emplifi.io",
                "view": []
              },
              {
                "dataset": [],
                "domain": "",
                "group_by_email": "",
                "role": "OWNER",
                "routine": [],
                "special_group": "projectOwners",
                "user_by_email": "",
                "view": []
              },
              {
                "dataset": [],
                "domain": "",
                "group_by_email": "",
                "role": "READER",
                "routine": [],
                "special_group": "projectReaders",
                "user_by_email": "",
                "view": []
              },
              {
                "dataset": [],
                "domain": "",
                "group_by_email": "",
                "role": "WRITER",
                "routine": [],
                "special_group": "projectWriters",
                "user_by_email": "",
                "view": []
              }
            ],
            "creation_time": 1678703310210,
            "dataset_id": "winequality",
            "default_encryption_configuration": [],
            "default_partition_expiration_ms": 0,
            "default_table_expiration_ms": 0,
            "delete_contents_on_destroy": false,
            "description": "",
            "etag": "odtmQcF++OJDjC+1cxN5Og==",
            "friendly_name": "",
            "id": "projects/dtc-de-378314/datasets/winequality",
            "labels": {},
            "last_modified_time": 1678703310210,
            "location": "europe-west6",
            "max_time_travel_hours": "",
            "project": "dtc-de-378314",
            "self_link": "https://bigquery.googleapis.com/bigquery/v2/projects/dtc-de-378314/datasets/winequality",
            "timeouts": null
          },
          "sensitive_attributes": [],
          "private": "eyJlMmJmYjczMC1lY2FhLTExZTYtOGY4OC0zNDM2M2JjN2M0YzAiOnsiY3JlYXRlIjoxMjAwMDAwMDAwMDAwLCJkZWxldGUiOjEyMDAwMDAwMDAwMDAsInVwZGF0ZSI6MTIwMDAwMDAwMDAwMH19"
        }
      ]
    },
    {
      "mode": "managed",
      "type": "google_storage_bucket",
      "name": "data-lake-bucket",
      "provider": "provider[\"registry.terraform.io/hashicorp/google\"]",
      "instances": [
        {
          "schema_version": 0,
          "attributes": {
            "autoclass": [],
            "cors": [],
            "custom_placement_config": [],
            "default_event_based_hold": false,
            "encryption": [],
            "force_destroy": true,
            "id": "dtc_data_lake_dtc-de-378314",
            "labels": null,
            "lifecycle_rule": [
              {
                "action": [
                  {
                    "storage_class": "",
                    "type": "Delete"
                  }
                ],
                "condition": [
                  {
                    "age": 30,
                    "created_before": "",
                    "custom_time_before": "",
                    "days_since_custom_time": 0,
                    "days_since_noncurrent_time": 0,
                    "matches_prefix": [],
                    "matches_storage_class": [],
                    "matches_suffix": [],
                    "noncurrent_time_before": "",
                    "num_newer_versions": 0,
                    "with_state": "ANY"
                  }
                ]
              }
            ],
            "location": "EUROPE-WEST6",
            "logging": [],
            "name": "dtc_data_lake_dtc-de-378314",
            "project": "dtc-de-378314",
            "public_access_prevention": "inherited",
            "requester_pays": false,
            "retention_policy": [],
            "self_link": "https://www.googleapis.com/storage/v1/b/dtc_data_lake_dtc-de-378314",
            "storage_class": "STANDARD",
            "timeouts": null,
            "uniform_bucket_level_access": true,
            "url": "gs://dtc_data_lake_dtc-de-378314",
            "versioning": [
              {
                "enabled": true
              }
            ],
            "website": []
          },
          "sensitive_attributes": [],
          "private": "eyJlMmJmYjczMC1lY2FhLTExZTYtOGY4OC0zNDM2M2JjN2M0YzAiOnsiY3JlYXRlIjo2MDAwMDAwMDAwMDAsInJlYWQiOjI0MDAwMDAwMDAwMCwidXBkYXRlIjoyNDAwMDAwMDAwMDB9fQ=="
        }
      ]
    }
  ],
  "check_results": null
}
